// !$*UTF8*$!
{
	archiveVersion = 1;
	classes = {
	};
	objectVersion = 56;
	objects = {

/* Begin PBXBuildFile section */
		D6528EEB2B1F996E00913CEF /* StickyHeaderWithAutoScrollTabsApp.swift in Sources */ = {isa = PBXBuildFile; fileRef = D6528EEA2B1F996E00913CEF /* StickyHeaderWithAutoScrollTabsApp.swift */; };
		D6528EED2B1F996E00913CEF /* ContentView.swift in Sources */ = {isa = PBXBuildFile; fileRef = D6528EEC2B1F996E00913CEF /* ContentView.swift */; };
		D6528EEF2B1F997000913CEF /* Assets.xcassets in Resources */ = {isa = PBXBuildFile; fileRef = D6528EEE2B1F997000913CEF /* Assets.xcassets */; };
		D6528EF22B1F997000913CEF /* Preview Assets.xcassets in Resources */ = {isa = PBXBuildFile; fileRef = D6528EF12B1F997000913CEF /* Preview Assets.xcassets */; };
		D6528F042B1F9C3300913CEF /* Home.swift in Sources */ = {isa = PBXBuildFile; fileRef = D6528F002B1F9BF200913CEF /* Home.swift */; };
		D6528F052B1F9C3A00913CEF /* Extensions.swift in Sources */ = {isa = PBXBuildFile; fileRef = D6528F032B1F9BF200913CEF /* Extensions.swift */; };
		D6528F062B1F9C4800913CEF /* Product.swift in Sources */ = {isa = PBXBuildFile; fileRef = D6528EFE2B1F9BF200913CEF /* Product.swift */; };
/* End PBXBuildFile section */

/* Begin PBXFileReference section */
		D6528EE72B1F996E00913CEF /* StickyHeaderWithAutoScrollTabs.app */ = {isa = PBXFileReference; explicitFileType = wrapper.application; includeInIndex = 0; path = StickyHeaderWithAutoScrollTabs.app; sourceTree = BUILT_PRODUCTS_DIR; };
		D6528EEA2B1F996E00913CEF /* StickyHeaderWithAutoScrollTabsApp.swift */ = {isa = PBXFileReference; lastKnownFileType = sourcecode.swift; path = StickyHeaderWithAutoScrollTabsApp.swift; sourceTree = "<group>"; };
		D6528EEC2B1F996E00913CEF /* ContentView.swift */ = {isa = PBXFileReference; lastKnownFileType = sourcecode.swift; path = ContentView.swift; sourceTree = "<group>"; };
		D6528EEE2B1F997000913CEF /* Assets.xcassets */ = {isa = PBXFileReference; lastKnownFileType = folder.assetcatalog; path = Assets.xcassets; sourceTree = "<group>"; };
		D6528EF12B1F997000913CEF /* Preview Assets.xcassets */ = {isa = PBXFileReference; lastKnownFileType = folder.assetcatalog; path = "Preview Assets.xcassets"; sourceTree = "<group>"; };
		D6528EFE2B1F9BF200913CEF /* Product.swift */ = {isa = PBXFileReference; lastKnownFileType = sourcecode.swift; path = Product.swift; sourceTree = "<group>"; };
		D6528F002B1F9BF200913CEF /* Home.swift */ = {isa = PBXFileReference; lastKnownFileType = sourcecode.swift; path = Home.swift; sourceTree = "<group>"; };
		D6528F012B1F9BF200913CEF /* StickyHeaderWithAutoScrollTabsApp.swift */ = {isa = PBXFileReference; lastKnownFileType = sourcecode.swift; path = StickyHeaderWithAutoScrollTabsApp.swift; sourceTree = "<group>"; };
		D6528F032B1F9BF200913CEF /* Extensions.swift */ = {isa = PBXFileReference; lastKnownFileType = sourcecode.swift; path = Extensions.swift; sourceTree = "<group>"; };
/* End PBXFileReference section */

/* Begin PBXFrameworksBuildPhase section */
		D6528EE42B1F996E00913CEF /* Frameworks */ = {
			isa = PBXFrameworksBuildPhase;
			buildActionMask = 2147483647;
			files = (
			);
			runOnlyForDeploymentPostprocessing = 0;
		};
/* End PBXFrameworksBuildPhase section */

/* Begin PBXGroup section */
		D6528EDE2B1F996E00913CEF = {
			isa = PBXGroup;
			children = (
				D6528EE92B1F996E00913CEF /* StickyHeaderWithAutoScrollTabs */,
				D6528EE82B1F996E00913CEF /* Products */,
			);
			sourceTree = "<group>";
		};
		D6528EE82B1F996E00913CEF /* Products */ = {
			isa = PBXGroup;
			children = (
				D6528EE72B1F996E00913CEF /* StickyHeaderWithAutoScrollTabs.app */,
			);
			name = Products;
			sourceTree = "<group>";
		};
		D6528EE92B1F996E00913CEF /* StickyHeaderWithAutoScrollTabs */ = {
			isa = PBXGroup;
			children = (
				D6528F022B1F9BF200913CEF /* Helpers */,
				D6528EFD2B1F9BF200913CEF /* Model */,
				D6528EFF2B1F9BF200913CEF /* View */,
				D6528EEA2B1F996E00913CEF /* StickyHeaderWithAutoScrollTabsApp.swift */,
				D6528EEC2B1F996E00913CEF /* ContentView.swift */,
				D6528EEE2B1F997000913CEF /* Assets.xcassets */,
				D6528EF02B1F997000913CEF /* Preview Content */,
			);
			path = StickyHeaderWithAutoScrollTabs;
			sourceTree = "<group>";
		};
		D6528EF02B1F997000913CEF /* Preview Content */ = {
			isa = PBXGroup;
			children = (
				D6528EF12B1F997000913CEF /* Preview Assets.xcassets */,
			);
			path = "Preview Content";
			sourceTree = "<group>";
		};
		D6528EFD2B1F9BF200913CEF /* Model */ = {
			isa = PBXGroup;
			children = (
				D6528EFE2B1F9BF200913CEF /* Product.swift */,
			);
			path = Model;
			sourceTree = "<group>";
		};
		D6528EFF2B1F9BF200913CEF /* View */ = {
			isa = PBXGroup;
			children = (
				D6528F002B1F9BF200913CEF /* Home.swift */,
				D6528F012B1F9BF200913CEF /* StickyHeaderWithAutoScrollTabsApp.swift */,
			);
			path = View;
			sourceTree = "<group>";
		};
		D6528F022B1F9BF200913CEF /* Helpers */ = {
			isa = PBXGroup;
			children = (
				D6528F032B1F9BF200913CEF /* Extensions.swift */,
			);
			path = Helpers;
			sourceTree = "<group>";
		};
/* End PBXGroup section */

/* Begin PBXNativeTarget section */
		D6528EE62B1F996E00913CEF /* StickyHeaderWithAutoScrollTabs */ = {
			isa = PBXNativeTarget;
			buildConfigurationList = D6528EF52B1F997000913CEF /* Build configuration list for PBXNativeTarget "StickyHeaderWithAutoScrollTabs" */;
			buildPhases = (
				D6528EE32B1F996E00913CEF /* Sources */,
				D6528EE42B1F996E00913CEF /* Frameworks */,
				D6528EE52B1F996E00913CEF /* Resources */,
			);
			buildRules = (
			);
			dependencies = (
			);
			name = StickyHeaderWithAutoScrollTabs;
			productName = StickyHeaderWithAutoScrollTabs;
			productReference = D6528EE72B1F996E00913CEF /* StickyHeaderWithAutoScrollTabs.app */;
			productType = "com.apple.product-type.application";
		};
/* End PBXNativeTarget section */

/* Begin PBXProject section */
		D6528EDF2B1F996E00913CEF /* Project object */ = {
			isa = PBXProject;
			attributes = {
				BuildIndependentTargetsInParallel = 1;
				LastSwiftUpdateCheck = 1500;
				LastUpgradeCheck = 1500;
				TargetAttributes = {
					D6528EE62B1F996E00913CEF = {
						CreatedOnToolsVersion = 15.0;
					};
				};
			};
			buildConfigurationList = D6528EE22B1F996E00913CEF /* Build configuration list for PBXProject "StickyHeaderWithAutoScrollTabs" */;
			compatibilityVersion = "Xcode 14.0";
			developmentRegion = en;
			hasScannedForEncodings = 0;
			knownRegions = (
				en,
				Base,
			);
			mainGroup = D6528EDE2B1F996E00913CEF;
			productRefGroup = D6528EE82B1F996E00913CEF /* Products */;
			projectDirPath = "";
			projectRoot = "";
			targets = (
				D6528EE62B1F996E00913CEF /* StickyHeaderWithAutoScrollTabs */,
			);
		};
/* End PBXProject section */

/* Begin PBXResourcesBuildPhase section */
		D6528EE52B1F996E00913CEF /* Resources */ = {
			isa = PBXResourcesBuildPhase;
			buildActionMask = 2147483647;
			files = (
				D6528EF22B1F997000913CEF /* Preview Assets.xcassets in Resources */,
				D6528EEF2B1F997000913CEF /* Assets.xcassets in Resources */,
			);
			runOnlyForDeploymentPostprocessing = 0;
		};
/* End PBXResourcesBuildPhase section */

/* Begin PBXSourcesBuildPhase section */
		D6528EE32B1F996E00913CEF /* Sources */ = {
			isa = PBXSourcesBuildPhase;
			buildActionMask = 2147483647;
			files = (
				D6528EED2B1F996E00913CEF /* ContentView.swift in Sources */,
				D6528F042B1F9C3300913CEF /* Home.swift in Sources */,
				D6528F062B1F9C4800913CEF /* Product.swift in Sources */,
				D6528EEB2B1F996E00913CEF /* StickyHeaderWithAutoScrollTabsApp.swift in Sources */,
				D6528F052B1F9C3A00913CEF /* Extensions.swift in Sources */,
			);
			runOnlyForDeploymentPostprocessing = 0;
		};
/* End PBXSourcesBuildPhase section */

/* Begin XCBuildConfiguration section */
		D6528EF32B1F997000913CEF /* Debug */ = {
			isa = XCBuildConfiguration;
			buildSettings = {
				ALWAYS_SEARCH_USER_PATHS = NO;
				ASSETCATALOG_COMPILER_GENERATE_SWIFT_ASSET_SYMBOL_EXTENSIONS = YES;
				CLANG_ANALYZER_NONNULL = YES;
				CLANG_ANALYZER_NUMBER_OBJECT_CONVERSION = YES_AGGRESSIVE;
				CLANG_CXX_LANGUAGE_STANDARD = "gnu++20";
				CLANG_ENABLE_MODULES = YES;
				CLANG_ENABLE_OBJC_ARC = YES;
				CLANG_ENABLE_OBJC_WEAK = YES;
				CLANG_WARN_BLOCK_CAPTURE_AUTORELEASING = YES;
				CLANG_WARN_BOOL_CONVERSION = YES;
				CLANG_WARN_COMMA = YES;
				CLANG_WARN_CONSTANT_CONVERSION = YES;
				CLANG_WARN_DEPRECATED_OBJC_IMPLEMENTATIONS = YES;
				CLANG_WARN_DIRECT_OBJC_ISA_USAGE = YES_ERROR;
				CLANG_WARN_DOCUMENTATION_COMMENTS = YES;
				CLANG_WARN_EMPTY_BODY = YES;
				CLANG_WARN_ENUM_CONVERSION = YES;
				CLANG_WARN_INFINITE_RECURSION = YES;
				CLANG_WARN_INT_CONVERSION = YES;
				CLANG_WARN_NON_LITERAL_NULL_CONVERSION = YES;
				CLANG_WARN_OBJC_IMPLICIT_RETAIN_SELF = YES;
				CLANG_WARN_OBJC_LITERAL_CONVERSION = YES;
				CLANG_WARN_OBJC_ROOT_CLASS = YES_ERROR;
				CLANG_WARN_QUOTED_INCLUDE_IN_FRAMEWORK_HEADER = YES;
				CLANG_WARN_RANGE_LOOP_ANALYSIS = YES;
				CLANG_WARN_STRICT_PROTOTYPES = YES;
				CLANG_WARN_SUSPICIOUS_MOVE = YES;
				CLANG_WARN_UNGUARDED_AVAILABILITY = YES_AGGRESSIVE;
				CLANG_WARN_UNREACHABLE_CODE = YES;
				CLANG_WARN__DUPLICATE_METHOD_MATCH = YES;
				COPY_PHASE_STRIP = NO;
				DEBUG_INFORMATION_FORMAT = dwarf;
				ENABLE_STRICT_OBJC_MSGSEND = YES;
				ENABLE_TESTABILITY = YES;
				ENABLE_USER_SCRIPT_SANDBOXING = YES;
				GCC_C_LANGUAGE_STANDARD = gnu17;
				GCC_DYNAMIC_NO_PIC = NO;
				GCC_NO_COMMON_BLOCKS = YES;
				GCC_OPTIMIZATION_LEVEL = 0;
				GCC_PREPROCESSOR_DEFINITIONS = (
					"DEBUG=1",
					"$(inherited)",
				);
				GCC_WARN_64_TO_32_BIT_CONVERSION = YES;
				GCC_WARN_ABOUT_RETURN_TYPE = YES_ERROR;
				GCC_WARN_UNDECLARED_SELECTOR = YES;
				GCC_WARN_UNINITIALIZED_AUTOS = YES_AGGRESSIVE;
				GCC_WARN_UNUSED_FUNCTION = YES;
				GCC_WARN_UNUSED_VARIABLE = YES;
				IPHONEOS_DEPLOYMENT_TARGET = 15.0;
				LOCALIZATION_PREFERS_STRING_CATALOGS = YES;
				MTL_ENABLE_DEBUG_INFO = INCLUDE_SOURCE;
				MTL_FAST_MATH = YES;
				ONLY_ACTIVE_ARCH = YES;
				SDKROOT = iphoneos;
				SWIFT_ACTIVE_COMPILATION_CONDITIONS = "DEBUG $(inherited)";
				SWIFT_OPTIMIZATION_LEVEL = "-Onone";
			};
			name = Debug;
		};
		D6528EF42B1F997000913CEF /* Release */ = {
			isa = XCBuildConfiguration;
			buildSettings = {
				ALWAYS_SEARCH_USER_PATHS = NO;
				ASSETCATALOG_COMPILER_GENERATE_SWIFT_ASSET_SYMBOL_EXTENSIONS = YES;
				CLANG_ANALYZER_NONNULL = YES;
				CLANG_ANALYZER_NUMBER_OBJECT_CONVERSION = YES_AGGRESSIVE;
				CLANG_CXX_LANGUAGE_STANDARD = "gnu++20";
				CLANG_ENABLE_MODULES = YES;
				CLANG_ENABLE_OBJC_ARC = YES;
				CLANG_ENABLE_OBJC_WEAK = YES;
				CLANG_WARN_BLOCK_CAPTURE_AUTORELEASING = YES;
				CLANG_WARN_BOOL_CONVERSION = YES;
				CLANG_WARN_COMMA = YES;
				CLANG_WARN_CONSTANT_CONVERSION = YES;
				CLANG_WARN_DEPRECATED_OBJC_IMPLEMENTATIONS = YES;
				CLANG_WARN_DIRECT_OBJC_ISA_USAGE = YES_ERROR;
				CLANG_WARN_DOCUMENTATION_COMMENTS = YES;
				CLANG_WARN_EMPTY_BODY = YES;
				CLANG_WARN_ENUM_CONVERSION = YES;
				CLANG_WARN_INFINITE_RECURSION = YES;
				CLANG_WARN_INT_CONVERSION = YES;
				CLANG_WARN_NON_LITERAL_NULL_CONVERSION = YES;
				CLANG_WARN_OBJC_IMPLICIT_RETAIN_SELF = YES;
				CLANG_WARN_OBJC_LITERAL_CONVERSION = YES;
				CLANG_WARN_OBJC_ROOT_CLASS = YES_ERROR;
				CLANG_WARN_QUOTED_INCLUDE_IN_FRAMEWORK_HEADER = YES;
				CLANG_WARN_RANGE_LOOP_ANALYSIS = YES;
				CLANG_WARN_STRICT_PROTOTYPES = YES;
				CLANG_WARN_SUSPICIOUS_MOVE = YES;
				CLANG_WARN_UNGUARDED_AVAILABILITY = YES_AGGRESSIVE;
				CLANG_WARN_UNREACHABLE_CODE = YES;
				CLANG_WARN__DUPLICATE_METHOD_MATCH = YES;
				COPY_PHASE_STRIP = NO;
				DEBUG_INFORMATION_FORMAT = "dwarf-with-dsym";
				ENABLE_NS_ASSERTIONS = NO;
				ENABLE_STRICT_OBJC_MSGSEND = YES;
				ENABLE_USER_SCRIPT_SANDBOXING = YES;
				GCC_C_LANGUAGE_STANDARD = gnu17;
				GCC_NO_COMMON_BLOCKS = YES;
				GCC_WARN_64_TO_32_BIT_CONVERSION = YES;
				GCC_WARN_ABOUT_RETURN_TYPE = YES_ERROR;
				GCC_WARN_UNDECLARED_SELECTOR = YES;
				GCC_WARN_UNINITIALIZED_AUTOS = YES_AGGRESSIVE;
				GCC_WARN_UNUSED_FUNCTION = YES;
				GCC_WARN_UNUSED_VARIABLE = YES;
				IPHONEOS_DEPLOYMENT_TARGET = 15.0;
				LOCALIZATION_PREFERS_STRING_CATALOGS = YES;
				MTL_ENABLE_DEBUG_INFO = NO;
				MTL_FAST_MATH = YES;
				SDKROOT = iphoneos;
				SWIFT_COMPILATION_MODE = wholemodule;
				VALIDATE_PRODUCT = YES;
			};
			name = Release;
		};
		D6528EF62B1F997000913CEF /* Debug */ = {
			isa = XCBuildConfiguration;
			buildSettings = {
				ASSETCATALOG_COMPILER_APPICON_NAME = AppIcon;
				ASSETCATALOG_COMPILER_GLOBAL_ACCENT_COLOR_NAME = AccentColor;
				CODE_SIGN_STYLE = Automatic;
				CURRENT_PROJECT_VERSION = 1;
				DEVELOPMENT_ASSET_PATHS = "\"StickyHeaderWithAutoScrollTabs/Preview Content\"";
				DEVELOPMENT_TEAM = B6LN4XWA2V;
				ENABLE_PREVIEWS = YES;
				GENERATE_INFOPLIST_FILE = YES;
				INFOPLIST_KEY_UIApplicationSceneManifest_Generation = YES;
				INFOPLIST_KEY_UIApplicationSupportsIndirectInputEvents = YES;
				INFOPLIST_KEY_UILaunchScreen_Generation = YES;
				INFOPLIST_KEY_UISupportedInterfaceOrientations_iPad = "UIInterfaceOrientationPortrait UIInterfaceOrientationPortraitUpsideDown UIInterfaceOrientationLandscapeLeft UIInterfaceOrientationLandscapeRight";
				INFOPLIST_KEY_UISupportedInterfaceOrientations_iPhone = "UIInterfaceOrientationPortrait UIInterfaceOrientationLandscapeLeft UIInterfaceOrientationLandscapeRight";
				IPHONEOS_DEPLOYMENT_TARGET = 15.0;
				LD_RUNPATH_SEARCH_PATHS = (
					"$(inherited)",
					"@executable_path/Frameworks",
				);
				MARKETING_VERSION = 1.0;
				PRODUCT_BUNDLE_IDENTIFIER = com.va.StickyHeaderWithAutoScrollTabs;
				PRODUCT_NAME = "$(TARGET_NAME)";
				SUPPORTED_PLATFORMS = "iphoneos iphonesimulator";
				SUPPORTS_MACCATALYST = NO;
				SUPPORTS_MAC_DESIGNED_FOR_IPHONE_IPAD = NO;
				SWIFT_EMIT_LOC_STRINGS = YES;
				SWIFT_VERSION = 5.0;
				TARGETED_DEVICE_FAMILY = 1;
			};
			name = Debug;
		};
		D6528EF72B1F997000913CEF /* Release */ = {
			isa = XCBuildConfiguration;
			buildSettings = {
				ASSETCATALOG_COMPILER_APPICON_NAME = AppIcon;
				ASSETCATALOG_COMPILER_GLOBAL_ACCENT_COLOR_NAME = AccentColor;
				CODE_SIGN_STYLE = Automatic;
				CURRENT_PROJECT_VERSION = 1;
				DEVELOPMENT_ASSET_PATHS = "\"StickyHeaderWithAutoScrollTabs/Preview Content\"";
				DEVELOPMENT_TEAM = B6LN4XWA2V;
				ENABLE_PREVIEWS = YES;
				GENERATE_INFOPLIST_FILE = YES;
				INFOPLIST_KEY_UIApplicationSceneManifest_Generation = YES;
				INFOPLIST_KEY_UIApplicationSupportsIndirectInputEvents = YES;
				INFOPLIST_KEY_UILaunchScreen_Generation = YES;
				INFOPLIST_KEY_UISupportedInterfaceOrientations_iPad = "UIInterfaceOrientationPortrait UIInterfaceOrientationPortraitUpsideDown UIInterfaceOrientationLandscapeLeft UIInterfaceOrientationLandscapeRight";
				INFOPLIST_KEY_UISupportedInterfaceOrientations_iPhone = "UIInterfaceOrientationPortrait UIInterfaceOrientationLandscapeLeft UIInterfaceOrientationLandscapeRight";
				IPHONEOS_DEPLOYMENT_TARGET = 15.0;
				LD_RUNPATH_SEARCH_PATHS = (
					"$(inherited)",
					"@executable_path/Frameworks",
				);
				MARKETING_VERSION = 1.0;
				PRODUCT_BUNDLE_IDENTIFIER = com.va.StickyHeaderWithAutoScrollTabs;
				PRODUCT_NAME = "$(TARGET_NAME)";
				SUPPORTED_PLATFORMS = "iphoneos iphonesimulator";
				SUPPORTS_MACCATALYST = NO;
				SUPPORTS_MAC_DESIGNED_FOR_IPHONE_IPAD = NO;
				SWIFT_EMIT_LOC_STRINGS = YES;
				SWIFT_VERSION = 5.0;
				TARGETED_DEVICE_FAMILY = 1;
			};
			name = Release;
		};
/* End XCBuildConfiguration section */

/* Begin XCConfigurationList section */
		D6528EE22B1F996E00913CEF /* Build configuration list for PBXProject "StickyHeaderWithAutoScrollTabs" */ = {
			isa = XCConfigurationList;
			buildConfigurations = (
				D6528EF32B1F997000913CEF /* Debug */,
				D6528EF42B1F997000913CEF /* Release */,
			);
			defaultConfigurationIsVisible = 0;
			defaultConfigurationName = Release;
		};
		D6528EF52B1F997000913CEF /* Build configuration list for PBXNativeTarget "StickyHeaderWithAutoScrollTabs" */ = {
			isa = XCConfigurationList;
			buildConfigurations = (
				D6528EF62B1F997000913CEF /* Debug */,
				D6528EF72B1F997000913CEF /* Release */,
			);
			defaultConfigurationIsVisible = 0;
			defaultConfigurationName = Release;
		};
/* End XCConfigurationList section */
	};
	rootObject = D6528EDF2B1F996E00913CEF /* Project object */;
}
